// !$*UTF8*$!
{
	archiveVersion = 1;
	classes = {
	};
	objectVersion = 46;
	objects = {

/* Begin PBXBuildFile section */
		F83C29511B81301A0095C5E6 /* bang.lua in Resources */ = {isa = PBXBuildFile; fileRef = F83C29501B81301A0095C5E6 /* bang.lua */; };
		F83C29551B81350B0095C5E6 /* universe.cpp in Sources */ = {isa = PBXBuildFile; fileRef = F83C29541B81350B0095C5E6 /* universe.cpp */; };
		F8AC9ACF18C2FBA0005DC7B3 /* CGBitmap.mm in Sources */ = {isa = PBXBuildFile; fileRef = 36E41B0718AEA6A4000AA534 /* CGBitmap.mm */; };
		F8AC9AD018C2FBA0005DC7B3 /* CFIFStream.mm in Sources */ = {isa = PBXBuildFile; fileRef = 36663B9C1885F0EE00B02F82 /* CFIFStream.mm */; };
		F8AC9AD118C2FBA0005DC7B3 /* CTFrame.mm in Sources */ = {isa = PBXBuildFile; fileRef = 367C1ED01899842D0083A3EE /* CTFrame.mm */; };
		F8AC9AD218C2FBA0005DC7B3 /* CFQueryHardware.mm in Sources */ = {isa = PBXBuildFile; fileRef = 36AE03381887306D000CB8CE /* CFQueryHardware.mm */; };
		F8AC9AD318C2FBA0005DC7B3 /* CFText.mm in Sources */ = {isa = PBXBuildFile; fileRef = 36663B2D1885F08400B02F82 /* CFText.mm */; };
		F8AC9AD718C2FBA0005DC7B3 /* NBodyEngine.mm in Sources */ = {isa = PBXBuildFile; fileRef = 3606FB481895E8550054D457 /* NBodyEngine.mm */; };
		F8AC9AD918C2FBA0005DC7B3 /* NBodySimulationBase.mm in Sources */ = {isa = PBXBuildFile; fileRef = 363E0DD5188A1D45006E55BC /* NBodySimulationBase.mm */; };
		F8AC9ADD18C2FBA0005DC7B3 /* NBodySimulationRandom.mm in Sources */ = {isa = PBXBuildFile; fileRef = 364F8753189C6C240017749E /* NBodySimulationRandom.mm */; };
		F8AC9ADF18C2FBA0005DC7B3 /* NBodySimulationGPU.mm in Sources */ = {isa = PBXBuildFile; fileRef = 363E0DDB188A1D45006E55BC /* NBodySimulationGPU.mm */; };
		F8AC9AE118C2FBA0005DC7B3 /* NBodySimulationMediator.mm in Sources */ = {isa = PBXBuildFile; fileRef = 36089270188B08A200763FF0 /* NBodySimulationMediator.mm */; };
		F8AC9AE218C2FBA0005DC7B3 /* NBodySimulationVisualizer.mm in Sources */ = {isa = PBXBuildFile; fileRef = 36D19371189440CD0008D3B9 /* NBodySimulationVisualizer.mm */; };
		F8AC9AE318C2FBA0005DC7B3 /* GLMConstants.mm in Sources */ = {isa = PBXBuildFile; fileRef = 36E2B43F188768D1004ACD1D /* GLMConstants.mm */; };
		F8AC9AE418C2FBA0005DC7B3 /* GLMMatrix4.mm in Sources */ = {isa = PBXBuildFile; fileRef = 36E2B443188768D1004ACD1D /* GLMMatrix4.mm */; };
		F8AC9AE518C2FBA0005DC7B3 /* GLMTransforms.mm in Sources */ = {isa = PBXBuildFile; fileRef = 36E2B446188768D1004ACD1D /* GLMTransforms.mm */; };
		F8AC9AE618C2FBA0005DC7B3 /* GLMSizes.mm in Sources */ = {isa = PBXBuildFile; fileRef = 36E2B449188768D1004ACD1D /* GLMSizes.mm */; };
		F8AC9AE718C2FBA0005DC7B3 /* GLMVector2.mm in Sources */ = {isa = PBXBuildFile; fileRef = 36E2B44D188768D1004ACD1D /* GLMVector2.mm */; };
		F8AC9AE818C2FBA0005DC7B3 /* GLMVector3.mm in Sources */ = {isa = PBXBuildFile; fileRef = 36E2B450188768D1004ACD1D /* GLMVector3.mm */; };
		F8AC9AE918C2FBA0005DC7B3 /* GLMVector4.mm in Sources */ = {isa = PBXBuildFile; fileRef = 36E2B453188768D1004ACD1D /* GLMVector4.mm */; };
		F8AC9AEA18C2FBA0005DC7B3 /* GLUProgram.mm in Sources */ = {isa = PBXBuildFile; fileRef = 36663BBE1885F19D00B02F82 /* GLUProgram.mm */; };
		F8AC9AEB18C2FBA0005DC7B3 /* GLUQuad.mm in Sources */ = {isa = PBXBuildFile; fileRef = 3690894B18875999006107ED /* GLUQuad.mm */; };
		F8AC9AEC18C2FBA0005DC7B3 /* GLUQuery.mm in Sources */ = {isa = PBXBuildFile; fileRef = 366EED9218889EEE00842BBE /* GLUQuery.mm */; };
		F8AC9AED18C2FBA0005DC7B3 /* GLUText.mm in Sources */ = {isa = PBXBuildFile; fileRef = 367C1ECC189983DE0083A3EE /* GLUText.mm */; };
		F8AC9AEE18C2FBA0005DC7B3 /* GLUTexture.mm in Sources */ = {isa = PBXBuildFile; fileRef = 36DE180C18AFE5E400B9FF18 /* GLUTexture.mm */; };
		F8AC9AEF18C2FBA0005DC7B3 /* GLUGaussian.mm in Sources */ = {isa = PBXBuildFile; fileRef = 36DE180F18AFE5E400B9FF18 /* GLUGaussian.mm */; };
		F8AC9AF018C2FBA0005DC7B3 /* GLUTransforms.mm in Sources */ = {isa = PBXBuildFile; fileRef = 36663BC41885F19D00B02F82 /* GLUTransforms.mm */; };
		F8AC9AF118C2FBA0005DC7B3 /* main.m in Sources */ = {isa = PBXBuildFile; fileRef = 36663B6F1885F08400B02F82 /* main.m */; };
		F8AC9AF218C2FBA0005DC7B3 /* OpenGLView.mm in Sources */ = {isa = PBXBuildFile; fileRef = 36663B7B1885F08400B02F82 /* OpenGLView.mm */; };
		F8AC9AF418C2FBA0005DC7B3 /* Cocoa.framework in Frameworks */ = {isa = PBXBuildFile; fileRef = F8F04F1E18C2F3D9001F8510 /* Cocoa.framework */; };
		F8AC9AF518C2FBA0005DC7B3 /* OpenCL.framework in Frameworks */ = {isa = PBXBuildFile; fileRef = F8F04F1818C2F3AD001F8510 /* OpenCL.framework */; };
		F8AC9AF618C2FBA0005DC7B3 /* OpenGL.framework in Frameworks */ = {isa = PBXBuildFile; fileRef = F8F04F1918C2F3AD001F8510 /* OpenGL.framework */; };
		F8AC9AF918C2FBA0005DC7B3 /* nbody_gpu.ocl in Resources */ = {isa = PBXBuildFile; fileRef = 3663958E1863A72C00BEF119 /* nbody_gpu.ocl */; };
		F8AC9AFA18C2FBA0005DC7B3 /* nbody.fsh in Resources */ = {isa = PBXBuildFile; fileRef = 3663954A1863A64900BEF119 /* nbody.fsh */; };
		F8AC9AFB18C2FBA0005DC7B3 /* nbody.gsh in Resources */ = {isa = PBXBuildFile; fileRef = 3663954B1863A64900BEF119 /* nbody.gsh */; };
		F8AC9AFC18C2FBA0005DC7B3 /* nbody.vsh in Resources */ = {isa = PBXBuildFile; fileRef = 3663954C1863A64900BEF119 /* nbody.vsh */; };
		F8AC9AFD18C2FBA0005DC7B3 /* star.fsh in Resources */ = {isa = PBXBuildFile; fileRef = 3663954E1863A64900BEF119 /* star.fsh */; };
		F8AC9AFE18C2FBA0005DC7B3 /* star.vsh in Resources */ = {isa = PBXBuildFile; fileRef = 3663954F1863A64900BEF119 /* star.vsh */; };
		F8AC9B0418C2FBA0005DC7B3 /* GalaxyIcon.icns in Resources */ = {isa = PBXBuildFile; fileRef = 366394EA1863A46900BEF119 /* GalaxyIcon.icns */; };
		F8AC9B0518C2FBA0005DC7B3 /* star.png in Resources */ = {isa = PBXBuildFile; fileRef = 366394EE1863A4EA00BEF119 /* star.png */; };
		F8AC9B0618C2FBA0005DC7B3 /* MainMenu.xib in Resources */ = {isa = PBXBuildFile; fileRef = 36BE3F4113D6067E00D9C225 /* MainMenu.xib */; };
		F8AC9B1018C321A1005DC7B3 /* matrix_gpu.ocl in Resources */ = {isa = PBXBuildFile; fileRef = F8AC9B0F18C321A1005DC7B3 /* matrix_gpu.ocl */; };
		F8FFE4681A7F0807009999F7 /* lapi.c in Sources */ = {isa = PBXBuildFile; fileRef = F8FFE4071A7F0806009999F7 /* lapi.c */; };
		F8FFE46A1A7F0807009999F7 /* lauxlib.c in Sources */ = {isa = PBXBuildFile; fileRef = F8FFE40A1A7F0807009999F7 /* lauxlib.c */; };
		F8FFE46C1A7F0807009999F7 /* lbaselib.c in Sources */ = {isa = PBXBuildFile; fileRef = F8FFE40D1A7F0807009999F7 /* lbaselib.c */; };
		F8FFE46E1A7F0807009999F7 /* lbitlib.c in Sources */ = {isa = PBXBuildFile; fileRef = F8FFE40F1A7F0807009999F7 /* lbitlib.c */; };
		F8FFE4701A7F0807009999F7 /* lcode.c in Sources */ = {isa = PBXBuildFile; fileRef = F8FFE4111A7F0807009999F7 /* lcode.c */; };
		F8FFE4721A7F0807009999F7 /* lcorolib.c in Sources */ = {isa = PBXBuildFile; fileRef = F8FFE4141A7F0807009999F7 /* lcorolib.c */; };
		F8FFE4741A7F0807009999F7 /* lctype.c in Sources */ = {isa = PBXBuildFile; fileRef = F8FFE4161A7F0807009999F7 /* lctype.c */; };
		F8FFE4761A7F0807009999F7 /* ldblib.c in Sources */ = {isa = PBXBuildFile; fileRef = F8FFE4191A7F0807009999F7 /* ldblib.c */; };
		F8FFE4781A7F0807009999F7 /* ldebug.c in Sources */ = {isa = PBXBuildFile; fileRef = F8FFE41B1A7F0807009999F7 /* ldebug.c */; };
		F8FFE47A1A7F0807009999F7 /* ldo.c in Sources */ = {isa = PBXBuildFile; fileRef = F8FFE41E1A7F0807009999F7 /* ldo.c */; };
		F8FFE47C1A7F0807009999F7 /* ldump.c in Sources */ = {isa = PBXBuildFile; fileRef = F8FFE4211A7F0807009999F7 /* ldump.c */; };
		F8FFE47E1A7F0807009999F7 /* lfunc.c in Sources */ = {isa = PBXBuildFile; fileRef = F8FFE4231A7F0807009999F7 /* lfunc.c */; };
		F8FFE4801A7F0807009999F7 /* lgc.c in Sources */ = {isa = PBXBuildFile; fileRef = F8FFE4261A7F0807009999F7 /* lgc.c */; };
		F8FFE4831A7F0807009999F7 /* linit.c in Sources */ = {isa = PBXBuildFile; fileRef = F8FFE42A1A7F0807009999F7 /* linit.c */; };
		F8FFE4851A7F0807009999F7 /* liolib.c in Sources */ = {isa = PBXBuildFile; fileRef = F8FFE42C1A7F0807009999F7 /* liolib.c */; };
		F8FFE4871A7F0807009999F7 /* llex.c in Sources */ = {isa = PBXBuildFile; fileRef = F8FFE42E1A7F0807009999F7 /* llex.c */; };
		F8FFE4891A7F0807009999F7 /* lmathlib.c in Sources */ = {isa = PBXBuildFile; fileRef = F8FFE4321A7F0807009999F7 /* lmathlib.c */; };
		F8FFE48B1A7F0807009999F7 /* lmem.c in Sources */ = {isa = PBXBuildFile; fileRef = F8FFE4341A7F0807009999F7 /* lmem.c */; };
		F8FFE48D1A7F0807009999F7 /* loadlib.c in Sources */ = {isa = PBXBuildFile; fileRef = F8FFE4371A7F0807009999F7 /* loadlib.c */; };
		F8FFE48F1A7F0807009999F7 /* lobject.c in Sources */ = {isa = PBXBuildFile; fileRef = F8FFE4391A7F0807009999F7 /* lobject.c */; };
		F8FFE4911A7F0807009999F7 /* lopcodes.c in Sources */ = {isa = PBXBuildFile; fileRef = F8FFE43C1A7F0807009999F7 /* lopcodes.c */; };
		F8FFE4931A7F0807009999F7 /* loslib.c in Sources */ = {isa = PBXBuildFile; fileRef = F8FFE43F1A7F0807009999F7 /* loslib.c */; };
		F8FFE4951A7F0807009999F7 /* lparser.c in Sources */ = {isa = PBXBuildFile; fileRef = F8FFE4411A7F0807009999F7 /* lparser.c */; };
		F8FFE4971A7F0807009999F7 /* lstate.c in Sources */ = {isa = PBXBuildFile; fileRef = F8FFE4441A7F0807009999F7 /* lstate.c */; };
		F8FFE4991A7F0807009999F7 /* lstring.c in Sources */ = {isa = PBXBuildFile; fileRef = F8FFE4471A7F0807009999F7 /* lstring.c */; };
		F8FFE49B1A7F0807009999F7 /* lstrlib.c in Sources */ = {isa = PBXBuildFile; fileRef = F8FFE44A1A7F0807009999F7 /* lstrlib.c */; };
		F8FFE49D1A7F0807009999F7 /* ltable.c in Sources */ = {isa = PBXBuildFile; fileRef = F8FFE44C1A7F0807009999F7 /* ltable.c */; };
		F8FFE49F1A7F0807009999F7 /* ltablib.c in Sources */ = {isa = PBXBuildFile; fileRef = F8FFE44F1A7F0807009999F7 /* ltablib.c */; };
		F8FFE4A11A7F0807009999F7 /* ltm.c in Sources */ = {isa = PBXBuildFile; fileRef = F8FFE4511A7F0807009999F7 /* ltm.c */; };
		F8FFE4A91A7F0807009999F7 /* lundump.c in Sources */ = {isa = PBXBuildFile; fileRef = F8FFE45E1A7F0807009999F7 /* lundump.c */; };
		F8FFE4AB1A7F0807009999F7 /* lvm.c in Sources */ = {isa = PBXBuildFile; fileRef = F8FFE4611A7F0807009999F7 /* lvm.c */; };
		F8FFE4AD1A7F0807009999F7 /* lzio.c in Sources */ = {isa = PBXBuildFile; fileRef = F8FFE4641A7F0807009999F7 /* lzio.c */; };
/* End PBXBuildFile section */

/* Begin PBXFileReference section */
		3606FB471895E8550054D457 /* NBodyEngine.h */ = {isa = PBXFileReference; fileEncoding = 4; lastKnownFileType = sourcecode.c.h; path = NBodyEngine.h; sourceTree = "<group>"; };
		3606FB481895E8550054D457 /* NBodyEngine.mm */ = {isa = PBXFileReference; fileEncoding = 4; lastKnownFileType = sourcecode.cpp.objcpp; path = NBodyEngine.mm; sourceTree = "<group>"; };
		36089270188B08A200763FF0 /* NBodySimulationMediator.mm */ = {isa = PBXFileReference; fileEncoding = 4; lastKnownFileType = sourcecode.cpp.objcpp; path = NBodySimulationMediator.mm; sourceTree = "<group>"; };
		36089271188B08A200763FF0 /* NBodySimulationMediator.h */ = {isa = PBXFileReference; fileEncoding = 4; lastKnownFileType = sourcecode.c.h; path = NBodySimulationMediator.h; sourceTree = "<group>"; };
		363E0DD4188A1D45006E55BC /* NBodySimulationBase.h */ = {isa = PBXFileReference; fileEncoding = 4; lastKnownFileType = sourcecode.c.h; path = NBodySimulationBase.h; sourceTree = "<group>"; };
		363E0DD5188A1D45006E55BC /* NBodySimulationBase.mm */ = {isa = PBXFileReference; fileEncoding = 4; lastKnownFileType = sourcecode.cpp.objcpp; path = NBodySimulationBase.mm; sourceTree = "<group>"; };
		363E0DDA188A1D45006E55BC /* NBodySimulationGPU.h */ = {isa = PBXFileReference; fileEncoding = 4; lastKnownFileType = sourcecode.c.h; path = NBodySimulationGPU.h; sourceTree = "<group>"; };
		363E0DDB188A1D45006E55BC /* NBodySimulationGPU.mm */ = {isa = PBXFileReference; fileEncoding = 4; lastKnownFileType = sourcecode.cpp.objcpp; path = NBodySimulationGPU.mm; sourceTree = "<group>"; };
		364F8752189C6C240017749E /* NBodySimulationRandom.h */ = {isa = PBXFileReference; fileEncoding = 4; lastKnownFileType = sourcecode.c.h; path = NBodySimulationRandom.h; sourceTree = "<group>"; };
		364F8753189C6C240017749E /* NBodySimulationRandom.mm */ = {isa = PBXFileReference; fileEncoding = 4; lastKnownFileType = sourcecode.cpp.objcpp; path = NBodySimulationRandom.mm; sourceTree = "<group>"; };
		365CD1C5188DED5400DAA9D6 /* NBodySimulationTypes.h */ = {isa = PBXFileReference; fileEncoding = 4; lastKnownFileType = sourcecode.c.h; path = NBodySimulationTypes.h; sourceTree = "<group>"; };
		365CD1C7188DEE0000DAA9D6 /* NBodySimulationDemo.h */ = {isa = PBXFileReference; fileEncoding = 4; lastKnownFileType = sourcecode.c.h; path = NBodySimulationDemo.h; sourceTree = "<group>"; };
		366394EA1863A46900BEF119 /* GalaxyIcon.icns */ = {isa = PBXFileReference; lastKnownFileType = image.icns; name = GalaxyIcon.icns; path = ../GalaxyIcon.icns; sourceTree = "<group>"; };
		366394EE1863A4EA00BEF119 /* star.png */ = {isa = PBXFileReference; lastKnownFileType = image.png; path = star.png; sourceTree = "<group>"; };
		3663954A1863A64900BEF119 /* nbody.fsh */ = {isa = PBXFileReference; fileEncoding = 4; lastKnownFileType = sourcecode.glsl; path = nbody.fsh; sourceTree = "<group>"; };
		3663954B1863A64900BEF119 /* nbody.gsh */ = {isa = PBXFileReference; fileEncoding = 4; lastKnownFileType = sourcecode.glsl; path = nbody.gsh; sourceTree = "<group>"; };
		3663954C1863A64900BEF119 /* nbody.vsh */ = {isa = PBXFileReference; fileEncoding = 4; lastKnownFileType = sourcecode.glsl; path = nbody.vsh; sourceTree = "<group>"; };
		3663954E1863A64900BEF119 /* star.fsh */ = {isa = PBXFileReference; fileEncoding = 4; lastKnownFileType = sourcecode.glsl; path = star.fsh; sourceTree = "<group>"; };
		3663954F1863A64900BEF119 /* star.vsh */ = {isa = PBXFileReference; fileEncoding = 4; lastKnownFileType = sourcecode.glsl; path = star.vsh; sourceTree = "<group>"; };
		3663958E1863A72C00BEF119 /* nbody_gpu.ocl */ = {isa = PBXFileReference; fileEncoding = 4; lastKnownFileType = text; path = nbody_gpu.ocl; sourceTree = "<group>"; xcLanguageSpecificationIdentifier = xcode.lang.opencl; };
		36663B2C1885F08400B02F82 /* CFText.h */ = {isa = PBXFileReference; fileEncoding = 4; lastKnownFileType = sourcecode.c.h; path = CFText.h; sourceTree = "<group>"; };
		36663B2D1885F08400B02F82 /* CFText.mm */ = {isa = PBXFileReference; fileEncoding = 4; lastKnownFileType = sourcecode.cpp.objcpp; path = CFText.mm; sourceTree = "<group>"; };
		36663B371885F08400B02F82 /* NBodyConstants.h */ = {isa = PBXFileReference; fileEncoding = 4; lastKnownFileType = sourcecode.c.h; path = NBodyConstants.h; sourceTree = "<group>"; };
		36663B6F1885F08400B02F82 /* main.m */ = {isa = PBXFileReference; fileEncoding = 4; lastKnownFileType = sourcecode.c.objc; path = main.m; sourceTree = "<group>"; };
		36663B701885F08400B02F82 /* The_Thirteenth_Floor.plist */ = {isa = PBXFileReference; fileEncoding = 4; lastKnownFileType = text.plist.xml; path = The_Thirteenth_Floor.plist; sourceTree = "<group>"; };
		36663B7A1885F08400B02F82 /* OpenGLView.h */ = {isa = PBXFileReference; fileEncoding = 4; lastKnownFileType = sourcecode.c.h; path = OpenGLView.h; sourceTree = "<group>"; };
		36663B7B1885F08400B02F82 /* OpenGLView.mm */ = {isa = PBXFileReference; fileEncoding = 4; lastKnownFileType = sourcecode.cpp.objcpp; path = OpenGLView.mm; sourceTree = "<group>"; };
		36663B9B1885F0EE00B02F82 /* CFIFStream.h */ = {isa = PBXFileReference; fileEncoding = 4; lastKnownFileType = sourcecode.c.h; path = CFIFStream.h; sourceTree = "<group>"; };
		36663B9C1885F0EE00B02F82 /* CFIFStream.mm */ = {isa = PBXFileReference; fileEncoding = 4; lastKnownFileType = sourcecode.cpp.objcpp; path = CFIFStream.mm; sourceTree = "<group>"; };
		36663BBD1885F19D00B02F82 /* GLUProgram.h */ = {isa = PBXFileReference; fileEncoding = 4; lastKnownFileType = sourcecode.c.h; path = GLUProgram.h; sourceTree = "<group>"; };
		36663BBE1885F19D00B02F82 /* GLUProgram.mm */ = {isa = PBXFileReference; fileEncoding = 4; lastKnownFileType = sourcecode.cpp.objcpp; path = GLUProgram.mm; sourceTree = "<group>"; };
		36663BC31885F19D00B02F82 /* GLUTransforms.h */ = {isa = PBXFileReference; fileEncoding = 4; lastKnownFileType = sourcecode.c.h; path = GLUTransforms.h; sourceTree = "<group>"; };
		36663BC41885F19D00B02F82 /* GLUTransforms.mm */ = {isa = PBXFileReference; fileEncoding = 4; lastKnownFileType = sourcecode.cpp.objcpp; path = GLUTransforms.mm; sourceTree = "<group>"; };
		366EED9118889EEE00842BBE /* GLUQuery.h */ = {isa = PBXFileReference; fileEncoding = 4; lastKnownFileType = sourcecode.c.h; path = GLUQuery.h; sourceTree = "<group>"; };
		366EED9218889EEE00842BBE /* GLUQuery.mm */ = {isa = PBXFileReference; fileEncoding = 4; lastKnownFileType = sourcecode.cpp.objcpp; path = GLUQuery.mm; sourceTree = "<group>"; };
		367C1ECB189983DE0083A3EE /* GLUText.h */ = {isa = PBXFileReference; fileEncoding = 4; lastKnownFileType = sourcecode.c.h; path = GLUText.h; sourceTree = "<group>"; };
		367C1ECC189983DE0083A3EE /* GLUText.mm */ = {isa = PBXFileReference; fileEncoding = 4; lastKnownFileType = sourcecode.cpp.objcpp; path = GLUText.mm; sourceTree = "<group>"; };
		367C1ECF1899842D0083A3EE /* CTFrame.h */ = {isa = PBXFileReference; fileEncoding = 4; lastKnownFileType = sourcecode.c.h; path = CTFrame.h; sourceTree = "<group>"; };
		367C1ED01899842D0083A3EE /* CTFrame.mm */ = {isa = PBXFileReference; fileEncoding = 4; lastKnownFileType = sourcecode.cpp.objcpp; path = CTFrame.mm; sourceTree = "<group>"; };
		3690894A18875999006107ED /* GLUQuad.h */ = {isa = PBXFileReference; fileEncoding = 4; lastKnownFileType = sourcecode.c.h; path = GLUQuad.h; sourceTree = "<group>"; };
		3690894B18875999006107ED /* GLUQuad.mm */ = {isa = PBXFileReference; fileEncoding = 4; lastKnownFileType = sourcecode.cpp.objcpp; path = GLUQuad.mm; sourceTree = "<group>"; };
		36AE03371887306D000CB8CE /* CFQueryHardware.h */ = {isa = PBXFileReference; fileEncoding = 4; lastKnownFileType = sourcecode.c.h; path = CFQueryHardware.h; sourceTree = "<group>"; };
		36AE03381887306D000CB8CE /* CFQueryHardware.mm */ = {isa = PBXFileReference; fileEncoding = 4; lastKnownFileType = sourcecode.cpp.objcpp; path = CFQueryHardware.mm; sourceTree = "<group>"; };
		36BE3F4213D6067E00D9C225 /* en */ = {isa = PBXFileReference; lastKnownFileType = file.xib; name = en; path = en.lproj/MainMenu.xib; sourceTree = "<group>"; };
		36D19370189440CD0008D3B9 /* NBodySimulationVisualizer.h */ = {isa = PBXFileReference; fileEncoding = 4; lastKnownFileType = sourcecode.c.h; path = NBodySimulationVisualizer.h; sourceTree = "<group>"; };
		36D19371189440CD0008D3B9 /* NBodySimulationVisualizer.mm */ = {isa = PBXFileReference; fileEncoding = 4; lastKnownFileType = sourcecode.cpp.objcpp; path = NBodySimulationVisualizer.mm; sourceTree = "<group>"; };
		36DE180B18AFE5E400B9FF18 /* GLUTexture.h */ = {isa = PBXFileReference; fileEncoding = 4; lastKnownFileType = sourcecode.c.h; path = GLUTexture.h; sourceTree = "<group>"; };
		36DE180C18AFE5E400B9FF18 /* GLUTexture.mm */ = {isa = PBXFileReference; fileEncoding = 4; lastKnownFileType = sourcecode.cpp.objcpp; path = GLUTexture.mm; sourceTree = "<group>"; };
		36DE180E18AFE5E400B9FF18 /* GLUGaussian.h */ = {isa = PBXFileReference; fileEncoding = 4; lastKnownFileType = sourcecode.c.h; path = GLUGaussian.h; sourceTree = "<group>"; };
		36DE180F18AFE5E400B9FF18 /* GLUGaussian.mm */ = {isa = PBXFileReference; fileEncoding = 4; lastKnownFileType = sourcecode.cpp.objcpp; path = GLUGaussian.mm; sourceTree = "<group>"; };
		36DE181318B0028000B9FF18 /* GLContainers.h */ = {isa = PBXFileReference; fileEncoding = 4; lastKnownFileType = sourcecode.c.h; path = GLContainers.h; sourceTree = "<group>"; };
		36E2B43E188768D1004ACD1D /* GLMConstants.h */ = {isa = PBXFileReference; fileEncoding = 4; lastKnownFileType = sourcecode.c.h; path = GLMConstants.h; sourceTree = "<group>"; };
		36E2B43F188768D1004ACD1D /* GLMConstants.mm */ = {isa = PBXFileReference; fileEncoding = 4; lastKnownFileType = sourcecode.cpp.objcpp; path = GLMConstants.mm; sourceTree = "<group>"; };
		36E2B442188768D1004ACD1D /* GLMMatrix4.h */ = {isa = PBXFileReference; fileEncoding = 4; lastKnownFileType = sourcecode.c.h; path = GLMMatrix4.h; sourceTree = "<group>"; };
		36E2B443188768D1004ACD1D /* GLMMatrix4.mm */ = {isa = PBXFileReference; fileEncoding = 4; lastKnownFileType = sourcecode.cpp.objcpp; path = GLMMatrix4.mm; sourceTree = "<group>"; };
		36E2B445188768D1004ACD1D /* GLMTransforms.h */ = {isa = PBXFileReference; fileEncoding = 4; lastKnownFileType = sourcecode.c.h; path = GLMTransforms.h; sourceTree = "<group>"; };
		36E2B446188768D1004ACD1D /* GLMTransforms.mm */ = {isa = PBXFileReference; fileEncoding = 4; lastKnownFileType = sourcecode.cpp.objcpp; path = GLMTransforms.mm; sourceTree = "<group>"; };
		36E2B448188768D1004ACD1D /* GLMSizes.h */ = {isa = PBXFileReference; fileEncoding = 4; lastKnownFileType = sourcecode.c.h; path = GLMSizes.h; sourceTree = "<group>"; };
		36E2B449188768D1004ACD1D /* GLMSizes.mm */ = {isa = PBXFileReference; fileEncoding = 4; lastKnownFileType = sourcecode.cpp.objcpp; path = GLMSizes.mm; sourceTree = "<group>"; };
		36E2B44C188768D1004ACD1D /* GLMVector2.h */ = {isa = PBXFileReference; fileEncoding = 4; lastKnownFileType = sourcecode.c.h; path = GLMVector2.h; sourceTree = "<group>"; };
		36E2B44D188768D1004ACD1D /* GLMVector2.mm */ = {isa = PBXFileReference; fileEncoding = 4; lastKnownFileType = sourcecode.cpp.objcpp; path = GLMVector2.mm; sourceTree = "<group>"; };
		36E2B44F188768D1004ACD1D /* GLMVector3.h */ = {isa = PBXFileReference; fileEncoding = 4; lastKnownFileType = sourcecode.c.h; path = GLMVector3.h; sourceTree = "<group>"; };
		36E2B450188768D1004ACD1D /* GLMVector3.mm */ = {isa = PBXFileReference; fileEncoding = 4; lastKnownFileType = sourcecode.cpp.objcpp; path = GLMVector3.mm; sourceTree = "<group>"; };
		36E2B452188768D1004ACD1D /* GLMVector4.h */ = {isa = PBXFileReference; fileEncoding = 4; lastKnownFileType = sourcecode.c.h; path = GLMVector4.h; sourceTree = "<group>"; };
		36E2B453188768D1004ACD1D /* GLMVector4.mm */ = {isa = PBXFileReference; fileEncoding = 4; lastKnownFileType = sourcecode.cpp.objcpp; path = GLMVector4.mm; sourceTree = "<group>"; };
		36E41B0618AEA6A4000AA534 /* CGBitmap.h */ = {isa = PBXFileReference; fileEncoding = 4; lastKnownFileType = sourcecode.c.h; path = CGBitmap.h; sourceTree = "<group>"; };
		36E41B0718AEA6A4000AA534 /* CGBitmap.mm */ = {isa = PBXFileReference; fileEncoding = 4; lastKnownFileType = sourcecode.cpp.objcpp; path = CGBitmap.mm; sourceTree = "<group>"; };
		F83C29501B81301A0095C5E6 /* bang.lua */ = {isa = PBXFileReference; fileEncoding = 4; lastKnownFileType = text; name = bang.lua; path = Sources/scripts/bang.lua; sourceTree = SOURCE_ROOT; };
		F83C29531B8134CA0095C5E6 /* universe.h */ = {isa = PBXFileReference; lastKnownFileType = sourcecode.c.h; name = universe.h; path = LuaInterop/universe.h; sourceTree = "<group>"; };
		F83C29541B81350B0095C5E6 /* universe.cpp */ = {isa = PBXFileReference; fileEncoding = 4; lastKnownFileType = sourcecode.cpp.cpp; name = universe.cpp; path = LuaInterop/universe.cpp; sourceTree = "<group>"; };
		F83C29571B8136770095C5E6 /* lua.h */ = {isa = PBXFileReference; fileEncoding = 4; lastKnownFileType = sourcecode.c.h; name = lua.h; path = lua/lua.h; sourceTree = "<group>"; };
		F8AC9B0A18C2FBA0005DC7B3 /* TheThirteenthFloor.app */ = {isa = PBXFileReference; explicitFileType = wrapper.application; includeInIndex = 0; path = TheThirteenthFloor.app; sourceTree = BUILT_PRODUCTS_DIR; };
		F8AC9B0F18C321A1005DC7B3 /* matrix_gpu.ocl */ = {isa = PBXFileReference; fileEncoding = 4; lastKnownFileType = text; path = matrix_gpu.ocl; sourceTree = "<group>"; xcLanguageSpecificationIdentifier = xcode.lang.opencl; };
		F8F04F1818C2F3AD001F8510 /* OpenCL.framework */ = {isa = PBXFileReference; lastKnownFileType = wrapper.framework; name = OpenCL.framework; path = System/Library/Frameworks/OpenCL.framework; sourceTree = SDKROOT; };
		F8F04F1918C2F3AD001F8510 /* OpenGL.framework */ = {isa = PBXFileReference; lastKnownFileType = wrapper.framework; name = OpenGL.framework; path = System/Library/Frameworks/OpenGL.framework; sourceTree = SDKROOT; };
		F8F04F1E18C2F3D9001F8510 /* Cocoa.framework */ = {isa = PBXFileReference; lastKnownFileType = wrapper.framework; name = Cocoa.framework; path = System/Library/Frameworks/Cocoa.framework; sourceTree = SDKROOT; };
		F8FFE4071A7F0806009999F7 /* lapi.c */ = {isa = PBXFileReference; fileEncoding = 4; lastKnownFileType = sourcecode.c.c; name = lapi.c; path = lua/lapi.c; sourceTree = "<group>"; };
		F8FFE4081A7F0807009999F7 /* lapi.h */ = {isa = PBXFileReference; fileEncoding = 4; lastKnownFileType = sourcecode.c.h; name = lapi.h; path = lua/lapi.h; sourceTree = "<group>"; };
		F8FFE40A1A7F0807009999F7 /* lauxlib.c */ = {isa = PBXFileReference; fileEncoding = 4; lastKnownFileType = sourcecode.c.c; name = lauxlib.c; path = lua/lauxlib.c; sourceTree = "<group>"; };
		F8FFE40B1A7F0807009999F7 /* lauxlib.h */ = {isa = PBXFileReference; fileEncoding = 4; lastKnownFileType = sourcecode.c.h; name = lauxlib.h; path = lua/lauxlib.h; sourceTree = "<group>"; };
		F8FFE40D1A7F0807009999F7 /* lbaselib.c */ = {isa = PBXFileReference; fileEncoding = 4; lastKnownFileType = sourcecode.c.c; name = lbaselib.c; path = lua/lbaselib.c; sourceTree = "<group>"; };
		F8FFE40F1A7F0807009999F7 /* lbitlib.c */ = {isa = PBXFileReference; fileEncoding = 4; lastKnownFileType = sourcecode.c.c; name = lbitlib.c; path = lua/lbitlib.c; sourceTree = "<group>"; };
		F8FFE4111A7F0807009999F7 /* lcode.c */ = {isa = PBXFileReference; fileEncoding = 4; lastKnownFileType = sourcecode.c.c; name = lcode.c; path = lua/lcode.c; sourceTree = "<group>"; };
		F8FFE4121A7F0807009999F7 /* lcode.h */ = {isa = PBXFileReference; fileEncoding = 4; lastKnownFileType = sourcecode.c.h; name = lcode.h; path = lua/lcode.h; sourceTree = "<group>"; };
		F8FFE4141A7F0807009999F7 /* lcorolib.c */ = {isa = PBXFileReference; fileEncoding = 4; lastKnownFileType = sourcecode.c.c; name = lcorolib.c; path = lua/lcorolib.c; sourceTree = "<group>"; };
		F8FFE4161A7F0807009999F7 /* lctype.c */ = {isa = PBXFileReference; fileEncoding = 4; lastKnownFileType = sourcecode.c.c; name = lctype.c; path = lua/lctype.c; sourceTree = "<group>"; };
		F8FFE4171A7F0807009999F7 /* lctype.h */ = {isa = PBXFileReference; fileEncoding = 4; lastKnownFileType = sourcecode.c.h; name = lctype.h; path = lua/lctype.h; sourceTree = "<group>"; };
		F8FFE4191A7F0807009999F7 /* ldblib.c */ = {isa = PBXFileReference; fileEncoding = 4; lastKnownFileType = sourcecode.c.c; name = ldblib.c; path = lua/ldblib.c; sourceTree = "<group>"; };
		F8FFE41B1A7F0807009999F7 /* ldebug.c */ = {isa = PBXFileReference; fileEncoding = 4; lastKnownFileType = sourcecode.c.c; name = ldebug.c; path = lua/ldebug.c; sourceTree = "<group>"; };
		F8FFE41C1A7F0807009999F7 /* ldebug.h */ = {isa = PBXFileReference; fileEncoding = 4; lastKnownFileType = sourcecode.c.h; name = ldebug.h; path = lua/ldebug.h; sourceTree = "<group>"; };
		F8FFE41E1A7F0807009999F7 /* ldo.c */ = {isa = PBXFileReference; fileEncoding = 4; lastKnownFileType = sourcecode.c.c; name = ldo.c; path = lua/ldo.c; sourceTree = "<group>"; };
		F8FFE41F1A7F0807009999F7 /* ldo.h */ = {isa = PBXFileReference; fileEncoding = 4; lastKnownFileType = sourcecode.c.h; name = ldo.h; path = lua/ldo.h; sourceTree = "<group>"; };
		F8FFE4211A7F0807009999F7 /* ldump.c */ = {isa = PBXFileReference; fileEncoding = 4; lastKnownFileType = sourcecode.c.c; name = ldump.c; path = lua/ldump.c; sourceTree = "<group>"; };
		F8FFE4231A7F0807009999F7 /* lfunc.c */ = {isa = PBXFileReference; fileEncoding = 4; lastKnownFileType = sourcecode.c.c; name = lfunc.c; path = lua/lfunc.c; sourceTree = "<group>"; };
		F8FFE4241A7F0807009999F7 /* lfunc.h */ = {isa = PBXFileReference; fileEncoding = 4; lastKnownFileType = sourcecode.c.h; name = lfunc.h; path = lua/lfunc.h; sourceTree = "<group>"; };
		F8FFE4261A7F0807009999F7 /* lgc.c */ = {isa = PBXFileReference; fileEncoding = 4; lastKnownFileType = sourcecode.c.c; name = lgc.c; path = lua/lgc.c; sourceTree = "<group>"; };
		F8FFE4271A7F0807009999F7 /* lgc.h */ = {isa = PBXFileReference; fileEncoding = 4; lastKnownFileType = sourcecode.c.h; name = lgc.h; path = lua/lgc.h; sourceTree = "<group>"; };
		F8FFE42A1A7F0807009999F7 /* linit.c */ = {isa = PBXFileReference; fileEncoding = 4; lastKnownFileType = sourcecode.c.c; name = linit.c; path = lua/linit.c; sourceTree = "<group>"; };
		F8FFE42C1A7F0807009999F7 /* liolib.c */ = {isa = PBXFileReference; fileEncoding = 4; lastKnownFileType = sourcecode.c.c; name = liolib.c; path = lua/liolib.c; sourceTree = "<group>"; };
		F8FFE42E1A7F0807009999F7 /* llex.c */ = {isa = PBXFileReference; fileEncoding = 4; lastKnownFileType = sourcecode.c.c; name = llex.c; path = lua/llex.c; sourceTree = "<group>"; };
		F8FFE42F1A7F0807009999F7 /* llex.h */ = {isa = PBXFileReference; fileEncoding = 4; lastKnownFileType = sourcecode.c.h; name = llex.h; path = lua/llex.h; sourceTree = "<group>"; };
		F8FFE4311A7F0807009999F7 /* llimits.h */ = {isa = PBXFileReference; fileEncoding = 4; lastKnownFileType = sourcecode.c.h; name = llimits.h; path = lua/llimits.h; sourceTree = "<group>"; };
		F8FFE4321A7F0807009999F7 /* lmathlib.c */ = {isa = PBXFileReference; fileEncoding = 4; lastKnownFileType = sourcecode.c.c; name = lmathlib.c; path = lua/lmathlib.c; sourceTree = "<group>"; };
		F8FFE4341A7F0807009999F7 /* lmem.c */ = {isa = PBXFileReference; fileEncoding = 4; lastKnownFileType = sourcecode.c.c; name = lmem.c; path = lua/lmem.c; sourceTree = "<group>"; };
		F8FFE4351A7F0807009999F7 /* lmem.h */ = {isa = PBXFileReference; fileEncoding = 4; lastKnownFileType = sourcecode.c.h; name = lmem.h; path = lua/lmem.h; sourceTree = "<group>"; };
		F8FFE4371A7F0807009999F7 /* loadlib.c */ = {isa = PBXFileReference; fileEncoding = 4; lastKnownFileType = sourcecode.c.c; name = loadlib.c; path = lua/loadlib.c; sourceTree = "<group>"; };
		F8FFE4391A7F0807009999F7 /* lobject.c */ = {isa = PBXFileReference; fileEncoding = 4; lastKnownFileType = sourcecode.c.c; name = lobject.c; path = lua/lobject.c; sourceTree = "<group>"; };
		F8FFE43A1A7F0807009999F7 /* lobject.h */ = {isa = PBXFileReference; fileEncoding = 4; lastKnownFileType = sourcecode.c.h; name = lobject.h; path = lua/lobject.h; sourceTree = "<group>"; };
		F8FFE43C1A7F0807009999F7 /* lopcodes.c */ = {isa = PBXFileReference; fileEncoding = 4; lastKnownFileType = sourcecode.c.c; name = lopcodes.c; path = lua/lopcodes.c; sourceTree = "<group>"; };
		F8FFE43D1A7F0807009999F7 /* lopcodes.h */ = {isa = PBXFileReference; fileEncoding = 4; lastKnownFileType = sourcecode.c.h; name = lopcodes.h; path = lua/lopcodes.h; sourceTree = "<group>"; };
		F8FFE43F1A7F0807009999F7 /* loslib.c */ = {isa = PBXFileReference; fileEncoding = 4; lastKnownFileType = sourcecode.c.c; name = loslib.c; path = lua/loslib.c; sourceTree = "<group>"; };
		F8FFE4411A7F0807009999F7 /* lparser.c */ = {isa = PBXFileReference; fileEncoding = 4; lastKnownFileType = sourcecode.c.c; name = lparser.c; path = lua/lparser.c; sourceTree = "<group>"; };
		F8FFE4421A7F0807009999F7 /* lparser.h */ = {isa = PBXFileReference; fileEncoding = 4; lastKnownFileType = sourcecode.c.h; name = lparser.h; path = lua/lparser.h; sourceTree = "<group>"; };
		F8FFE4441A7F0807009999F7 /* lstate.c */ = {isa = PBXFileReference; fileEncoding = 4; lastKnownFileType = sourcecode.c.c; name = lstate.c; path = lua/lstate.c; sourceTree = "<group>"; };
		F8FFE4451A7F0807009999F7 /* lstate.h */ = {isa = PBXFileReference; fileEncoding = 4; lastKnownFileType = sourcecode.c.h; name = lstate.h; path = lua/lstate.h; sourceTree = "<group>"; };
		F8FFE4471A7F0807009999F7 /* lstring.c */ = {isa = PBXFileReference; fileEncoding = 4; lastKnownFileType = sourcecode.c.c; name = lstring.c; path = lua/lstring.c; sourceTree = "<group>"; };
		F8FFE4481A7F0807009999F7 /* lstring.h */ = {isa = PBXFileReference; fileEncoding = 4; lastKnownFileType = sourcecode.c.h; name = lstring.h; path = lua/lstring.h; sourceTree = "<group>"; };
		F8FFE44A1A7F0807009999F7 /* lstrlib.c */ = {isa = PBXFileReference; fileEncoding = 4; lastKnownFileType = sourcecode.c.c; name = lstrlib.c; path = lua/lstrlib.c; sourceTree = "<group>"; };
		F8FFE44C1A7F0807009999F7 /* ltable.c */ = {isa = PBXFileReference; fileEncoding = 4; lastKnownFileType = sourcecode.c.c; name = ltable.c; path = lua/ltable.c; sourceTree = "<group>"; };
		F8FFE44D1A7F0807009999F7 /* ltable.h */ = {isa = PBXFileReference; fileEncoding = 4; lastKnownFileType = sourcecode.c.h; name = ltable.h; path = lua/ltable.h; sourceTree = "<group>"; };
		F8FFE44F1A7F0807009999F7 /* ltablib.c */ = {isa = PBXFileReference; fileEncoding = 4; lastKnownFileType = sourcecode.c.c; name = ltablib.c; path = lua/ltablib.c; sourceTree = "<group>"; };
		F8FFE4511A7F0807009999F7 /* ltm.c */ = {isa = PBXFileReference; fileEncoding = 4; lastKnownFileType = sourcecode.c.c; name = ltm.c; path = lua/ltm.c; sourceTree = "<group>"; };
		F8FFE4521A7F0807009999F7 /* ltm.h */ = {isa = PBXFileReference; fileEncoding = 4; lastKnownFileType = sourcecode.c.h; name = ltm.h; path = lua/ltm.h; sourceTree = "<group>"; };
		F8FFE45C1A7F0807009999F7 /* luaconf.h */ = {isa = PBXFileReference; fileEncoding = 4; lastKnownFileType = sourcecode.c.h; name = luaconf.h; path = lua/luaconf.h; sourceTree = "<group>"; };
		F8FFE45D1A7F0807009999F7 /* lualib.h */ = {isa = PBXFileReference; fileEncoding = 4; lastKnownFileType = sourcecode.c.h; name = lualib.h; path = lua/lualib.h; sourceTree = "<group>"; };
		F8FFE45E1A7F0807009999F7 /* lundump.c */ = {isa = PBXFileReference; fileEncoding = 4; lastKnownFileType = sourcecode.c.c; name = lundump.c; path = lua/lundump.c; sourceTree = "<group>"; };
		F8FFE45F1A7F0807009999F7 /* lundump.h */ = {isa = PBXFileReference; fileEncoding = 4; lastKnownFileType = sourcecode.c.h; name = lundump.h; path = lua/lundump.h; sourceTree = "<group>"; };
		F8FFE4611A7F0807009999F7 /* lvm.c */ = {isa = PBXFileReference; fileEncoding = 4; lastKnownFileType = sourcecode.c.c; name = lvm.c; path = lua/lvm.c; sourceTree = "<group>"; };
		F8FFE4621A7F0807009999F7 /* lvm.h */ = {isa = PBXFileReference; fileEncoding = 4; lastKnownFileType = sourcecode.c.h; name = lvm.h; path = lua/lvm.h; sourceTree = "<group>"; };
		F8FFE4641A7F0807009999F7 /* lzio.c */ = {isa = PBXFileReference; fileEncoding = 4; lastKnownFileType = sourcecode.c.c; name = lzio.c; path = lua/lzio.c; sourceTree = "<group>"; };
		F8FFE4651A7F0807009999F7 /* lzio.h */ = {isa = PBXFileReference; fileEncoding = 4; lastKnownFileType = sourcecode.c.h; name = lzio.h; path = lua/lzio.h; sourceTree = "<group>"; };
/* End PBXFileReference section */

/* Begin PBXFrameworksBuildPhase section */
		F8AC9AF318C2FBA0005DC7B3 /* Frameworks */ = {
			isa = PBXFrameworksBuildPhase;
			buildActionMask = 2147483647;
			files = (
				F8AC9AF418C2FBA0005DC7B3 /* Cocoa.framework in Frameworks */,
				F8AC9AF518C2FBA0005DC7B3 /* OpenCL.framework in Frameworks */,
				F8AC9AF618C2FBA0005DC7B3 /* OpenGL.framework in Frameworks */,
			);
			runOnlyForDeploymentPostprocessing = 0;
		};
/* End PBXFrameworksBuildPhase section */

/* Begin PBXGroup section */
		2E48DA461395F1750035FEC4 = {
			isa = PBXGroup;
			children = (
				36BE3F4013D6067E00D9C225 /* Resources */,
				36663B221885F08400B02F82 /* Sources */,
				2E48DA541395F1750035FEC4 /* Frameworks */,
				2E48DA521395F1750035FEC4 /* Products */,
			);
			sourceTree = "<group>";
		};
		2E48DA521395F1750035FEC4 /* Products */ = {
			isa = PBXGroup;
			children = (
				F8AC9B0A18C2FBA0005DC7B3 /* TheThirteenthFloor.app */,
			);
			name = Products;
			sourceTree = "<group>";
		};
		2E48DA541395F1750035FEC4 /* Frameworks */ = {
			isa = PBXGroup;
			children = (
				F8F04F1E18C2F3D9001F8510 /* Cocoa.framework */,
				F8F04F1818C2F3AD001F8510 /* OpenCL.framework */,
				F8F04F1918C2F3AD001F8510 /* OpenGL.framework */,
			);
			name = Frameworks;
			sourceTree = "<group>";
		};
		3606FB461895E8550054D457 /* Engine */ = {
			isa = PBXGroup;
			children = (
				3606FB471895E8550054D457 /* NBodyEngine.h */,
				3606FB481895E8550054D457 /* NBodyEngine.mm */,
			);
			path = Engine;
			sourceTree = "<group>";
		};
		3608926F188B087900763FF0 /* Mediator */ = {
			isa = PBXGroup;
			children = (
				36089271188B08A200763FF0 /* NBodySimulationMediator.h */,
				36089270188B08A200763FF0 /* NBodySimulationMediator.mm */,
			);
			name = Mediator;
			path = Sources/Model/NBody/Simulation/Mediator;
			sourceTree = SOURCE_ROOT;
		};
		363E0DD2188A1D45006E55BC /* Core */ = {
			isa = PBXGroup;
			children = (
				363E0DD3188A1D45006E55BC /* Base */,
				364F8738189C36290017749E /* Data */,
				365CD1C6188DEE0000DAA9D6 /* Demo */,
				363E0DD9188A1D45006E55BC /* GPU */,
				365CD1C4188DED5400DAA9D6 /* Types */,
			);
			path = Core;
			sourceTree = "<group>";
		};
		363E0DD3188A1D45006E55BC /* Base */ = {
			isa = PBXGroup;
			children = (
				363E0DD4188A1D45006E55BC /* NBodySimulationBase.h */,
				363E0DD5188A1D45006E55BC /* NBodySimulationBase.mm */,
			);
			path = Base;
			sourceTree = "<group>";
		};
		363E0DD9188A1D45006E55BC /* GPU */ = {
			isa = PBXGroup;
			children = (
				363E0DDA188A1D45006E55BC /* NBodySimulationGPU.h */,
				363E0DDB188A1D45006E55BC /* NBodySimulationGPU.mm */,
			);
			path = GPU;
			sourceTree = "<group>";
		};
		364F8738189C36290017749E /* Data */ = {
			isa = PBXGroup;
			children = (
				364F8751189C6C240017749E /* Random */,
			);
			path = Data;
			sourceTree = "<group>";
		};
		364F8751189C6C240017749E /* Random */ = {
			isa = PBXGroup;
			children = (
				364F8752189C6C240017749E /* NBodySimulationRandom.h */,
				364F8753189C6C240017749E /* NBodySimulationRandom.mm */,
			);
			path = Random;
			sourceTree = "<group>";
		};
		365CD1C4188DED5400DAA9D6 /* Types */ = {
			isa = PBXGroup;
			children = (
				365CD1C5188DED5400DAA9D6 /* NBodySimulationTypes.h */,
			);
			path = Types;
			sourceTree = "<group>";
		};
		365CD1C6188DEE0000DAA9D6 /* Demo */ = {
			isa = PBXGroup;
			children = (
				365CD1C7188DEE0000DAA9D6 /* NBodySimulationDemo.h */,
			);
			path = Demo;
			sourceTree = "<group>";
		};
		366394E81863A3A200BEF119 /* XIB */ = {
			isa = PBXGroup;
			children = (
				36BE3F4113D6067E00D9C225 /* MainMenu.xib */,
			);
			name = XIB;
			sourceTree = "<group>";
		};
		366394EC1863A49700BEF119 /* Icons */ = {
			isa = PBXGroup;
			children = (
				366394EA1863A46900BEF119 /* GalaxyIcon.icns */,
			);
			name = Icons;
			sourceTree = "<group>";
		};
		366394ED1863A4EA00BEF119 /* Images */ = {
			isa = PBXGroup;
			children = (
				366394EE1863A4EA00BEF119 /* star.png */,
			);
			path = Images;
			sourceTree = "<group>";
		};
		366395481863A64900BEF119 /* Shaders */ = {
			isa = PBXGroup;
			children = (
				366395491863A64900BEF119 /* NBody */,
				3663954D1863A64900BEF119 /* Star */,
			);
			name = Shaders;
			path = Sources/Shaders;
			sourceTree = SOURCE_ROOT;
		};
		366395491863A64900BEF119 /* NBody */ = {
			isa = PBXGroup;
			children = (
				3663954A1863A64900BEF119 /* nbody.fsh */,
				3663954B1863A64900BEF119 /* nbody.gsh */,
				3663954C1863A64900BEF119 /* nbody.vsh */,
			);
			path = NBody;
			sourceTree = "<group>";
		};
		3663954D1863A64900BEF119 /* Star */ = {
			isa = PBXGroup;
			children = (
				3663954E1863A64900BEF119 /* star.fsh */,
				3663954F1863A64900BEF119 /* star.vsh */,
			);
			path = Star;
			sourceTree = "<group>";
		};
		3663958C1863A72C00BEF119 /* Kernels */ = {
			isa = PBXGroup;
			children = (
				3663958E1863A72C00BEF119 /* nbody_gpu.ocl */,
				F8AC9B0F18C321A1005DC7B3 /* matrix_gpu.ocl */,
			);
			name = Kernels;
			path = Sources/Kernels;
			sourceTree = SOURCE_ROOT;
		};
		36663B221885F08400B02F82 /* Sources */ = {
			isa = PBXGroup;
			children = (
				F83C29521B8134710095C5E6 /* LuaInterop */,
				F8FFE3FB1A7F07F2009999F7 /* lua */,
				36663B261885F08400B02F82 /* Model */,
				36663B6E1885F08400B02F82 /* Other */,
				36663B791885F08400B02F82 /* View */,
			);
			path = Sources;
			sourceTree = "<group>";
		};
		36663B261885F08400B02F82 /* Model */ = {
			isa = PBXGroup;
			children = (
				36663B2A1885F08400B02F82 /* Foundation */,
				36663B351885F08400B02F82 /* NBody */,
				36663B9E1885F19D00B02F82 /* OpenGL */,
			);
			path = Model;
			sourceTree = "<group>";
		};
		36663B2A1885F08400B02F82 /* Foundation */ = {
			isa = PBXGroup;
			children = (
				36E41B0518AEA6A4000AA534 /* Bitmap */,
				36663B9A1885F0EE00B02F82 /* Files */,
				367C1ECE1899842D0083A3EE /* Frame */,
				36AE03361887306D000CB8CE /* Hardware */,
				36663B2B1885F08400B02F82 /* Text */,
			);
			path = Foundation;
			sourceTree = "<group>";
		};
		36663B2B1885F08400B02F82 /* Text */ = {
			isa = PBXGroup;
			children = (
				36663B2C1885F08400B02F82 /* CFText.h */,
				36663B2D1885F08400B02F82 /* CFText.mm */,
			);
			path = Text;
			sourceTree = "<group>";
		};
		36663B351885F08400B02F82 /* NBody */ = {
			isa = PBXGroup;
			children = (
				36663B361885F08400B02F82 /* Constants */,
				3606FB461895E8550054D457 /* Engine */,
				36663B3E1885F08400B02F82 /* Simulation */,
			);
			path = NBody;
			sourceTree = "<group>";
		};
		36663B361885F08400B02F82 /* Constants */ = {
			isa = PBXGroup;
			children = (
				36663B371885F08400B02F82 /* NBodyConstants.h */,
			);
			path = Constants;
			sourceTree = "<group>";
		};
		36663B3E1885F08400B02F82 /* Simulation */ = {
			isa = PBXGroup;
			children = (
				363E0DD2188A1D45006E55BC /* Core */,
				3608926F188B087900763FF0 /* Mediator */,
				36D1936F189440CD0008D3B9 /* Visualizer */,
			);
			path = Simulation;
			sourceTree = "<group>";
		};
		36663B6E1885F08400B02F82 /* Other */ = {
			isa = PBXGroup;
			children = (
				36663B6F1885F08400B02F82 /* main.m */,
				36663B701885F08400B02F82 /* The_Thirteenth_Floor.plist */,
			);
			path = Other;
			sourceTree = "<group>";
		};
		36663B791885F08400B02F82 /* View */ = {
			isa = PBXGroup;
			children = (
				36663B7A1885F08400B02F82 /* OpenGLView.h */,
				36663B7B1885F08400B02F82 /* OpenGLView.mm */,
			);
			path = View;
			sourceTree = "<group>";
		};
		36663B9A1885F0EE00B02F82 /* Files */ = {
			isa = PBXGroup;
			children = (
				36663B9B1885F0EE00B02F82 /* CFIFStream.h */,
				36663B9C1885F0EE00B02F82 /* CFIFStream.mm */,
			);
			path = Files;
			sourceTree = "<group>";
		};
		36663B9E1885F19D00B02F82 /* OpenGL */ = {
			isa = PBXGroup;
			children = (
				36DE181218B0028000B9FF18 /* Containers */,
				36E2B43C188768D1004ACD1D /* Math */,
				36663BB81885F19D00B02F82 /* Utilities */,
			);
			path = OpenGL;
			sourceTree = "<group>";
		};
		36663BB81885F19D00B02F82 /* Utilities */ = {
			isa = PBXGroup;
			children = (
				36663BBC1885F19D00B02F82 /* Program */,
				3690894918875999006107ED /* Quad */,
				366EED9018889EEE00842BBE /* Query */,
				367C1ECA189983DE0083A3EE /* Text */,
				36663BBF1885F19D00B02F82 /* Texture */,
				36663BC21885F19D00B02F82 /* Transforms */,
			);
			path = Utilities;
			sourceTree = "<group>";
		};
		36663BBC1885F19D00B02F82 /* Program */ = {
			isa = PBXGroup;
			children = (
				36663BBD1885F19D00B02F82 /* GLUProgram.h */,
				36663BBE1885F19D00B02F82 /* GLUProgram.mm */,
			);
			path = Program;
			sourceTree = "<group>";
		};
		36663BBF1885F19D00B02F82 /* Texture */ = {
			isa = PBXGroup;
			children = (
				36DE180A18AFE5E400B9FF18 /* 2D */,
				36DE180D18AFE5E400B9FF18 /* Gaussian */,
			);
			path = Texture;
			sourceTree = "<group>";
		};
		36663BC21885F19D00B02F82 /* Transforms */ = {
			isa = PBXGroup;
			children = (
				36663BC31885F19D00B02F82 /* GLUTransforms.h */,
				36663BC41885F19D00B02F82 /* GLUTransforms.mm */,
			);
			path = Transforms;
			sourceTree = "<group>";
		};
		366EED9018889EEE00842BBE /* Query */ = {
			isa = PBXGroup;
			children = (
				366EED9118889EEE00842BBE /* GLUQuery.h */,
				366EED9218889EEE00842BBE /* GLUQuery.mm */,
			);
			path = Query;
			sourceTree = "<group>";
		};
		367C1ECA189983DE0083A3EE /* Text */ = {
			isa = PBXGroup;
			children = (
				367C1ECB189983DE0083A3EE /* GLUText.h */,
				367C1ECC189983DE0083A3EE /* GLUText.mm */,
			);
			path = Text;
			sourceTree = "<group>";
		};
		367C1ECE1899842D0083A3EE /* Frame */ = {
			isa = PBXGroup;
			children = (
				367C1ECF1899842D0083A3EE /* CTFrame.h */,
				367C1ED01899842D0083A3EE /* CTFrame.mm */,
			);
			path = Frame;
			sourceTree = "<group>";
		};
		3690894918875999006107ED /* Quad */ = {
			isa = PBXGroup;
			children = (
				3690894A18875999006107ED /* GLUQuad.h */,
				3690894B18875999006107ED /* GLUQuad.mm */,
			);
			path = Quad;
			sourceTree = "<group>";
		};
		36AE03361887306D000CB8CE /* Hardware */ = {
			isa = PBXGroup;
			children = (
				36AE03371887306D000CB8CE /* CFQueryHardware.h */,
				36AE03381887306D000CB8CE /* CFQueryHardware.mm */,
			);
			path = Hardware;
			sourceTree = "<group>";
		};
		36BE3F4013D6067E00D9C225 /* Resources */ = {
			isa = PBXGroup;
			children = (
				F83C294F1B812FD60095C5E6 /* Scripts */,
				366394EC1863A49700BEF119 /* Icons */,
				366394ED1863A4EA00BEF119 /* Images */,
				3663958C1863A72C00BEF119 /* Kernels */,
				366395481863A64900BEF119 /* Shaders */,
				366394E81863A3A200BEF119 /* XIB */,
			);
			path = Resources;
			sourceTree = "<group>";
		};
		36D1936F189440CD0008D3B9 /* Visualizer */ = {
			isa = PBXGroup;
			children = (
				36D19370189440CD0008D3B9 /* NBodySimulationVisualizer.h */,
				36D19371189440CD0008D3B9 /* NBodySimulationVisualizer.mm */,
			);
			name = Visualizer;
			path = ../Visualizer;
			sourceTree = "<group>";
		};
		36DE180A18AFE5E400B9FF18 /* 2D */ = {
			isa = PBXGroup;
			children = (
				36DE180B18AFE5E400B9FF18 /* GLUTexture.h */,
				36DE180C18AFE5E400B9FF18 /* GLUTexture.mm */,
			);
			path = 2D;
			sourceTree = "<group>";
		};
		36DE180D18AFE5E400B9FF18 /* Gaussian */ = {
			isa = PBXGroup;
			children = (
				36DE180E18AFE5E400B9FF18 /* GLUGaussian.h */,
				36DE180F18AFE5E400B9FF18 /* GLUGaussian.mm */,
			);
			path = Gaussian;
			sourceTree = "<group>";
		};
		36DE181218B0028000B9FF18 /* Containers */ = {
			isa = PBXGroup;
			children = (
				36DE181318B0028000B9FF18 /* GLContainers.h */,
			);
			path = Containers;
			sourceTree = "<group>";
		};
		36E2B43C188768D1004ACD1D /* Math */ = {
			isa = PBXGroup;
			children = (
				36E2B43D188768D1004ACD1D /* Constants */,
				36E2B440188768D1004ACD1D /* Matrices */,
				36E2B447188768D1004ACD1D /* Sizes */,
				36E2B44A188768D1004ACD1D /* Vectors */,
			);
			path = Math;
			sourceTree = "<group>";
		};
		36E2B43D188768D1004ACD1D /* Constants */ = {
			isa = PBXGroup;
			children = (
				36E2B43E188768D1004ACD1D /* GLMConstants.h */,
				36E2B43F188768D1004ACD1D /* GLMConstants.mm */,
			);
			path = Constants;
			sourceTree = "<group>";
		};
		36E2B440188768D1004ACD1D /* Matrices */ = {
			isa = PBXGroup;
			children = (
				36E2B441188768D1004ACD1D /* Matrix4 */,
				36E2B444188768D1004ACD1D /* Transforms */,
			);
			path = Matrices;
			sourceTree = "<group>";
		};
		36E2B441188768D1004ACD1D /* Matrix4 */ = {
			isa = PBXGroup;
			children = (
				36E2B442188768D1004ACD1D /* GLMMatrix4.h */,
				36E2B443188768D1004ACD1D /* GLMMatrix4.mm */,
			);
			path = Matrix4;
			sourceTree = "<group>";
		};
		36E2B444188768D1004ACD1D /* Transforms */ = {
			isa = PBXGroup;
			children = (
				36E2B445188768D1004ACD1D /* GLMTransforms.h */,
				36E2B446188768D1004ACD1D /* GLMTransforms.mm */,
			);
			path = Transforms;
			sourceTree = "<group>";
		};
		36E2B447188768D1004ACD1D /* Sizes */ = {
			isa = PBXGroup;
			children = (
				36E2B448188768D1004ACD1D /* GLMSizes.h */,
				36E2B449188768D1004ACD1D /* GLMSizes.mm */,
			);
			path = Sizes;
			sourceTree = "<group>";
		};
		36E2B44A188768D1004ACD1D /* Vectors */ = {
			isa = PBXGroup;
			children = (
				36E2B44B188768D1004ACD1D /* Vector2 */,
				36E2B44E188768D1004ACD1D /* Vector3 */,
				36E2B451188768D1004ACD1D /* Vector4 */,
			);
			path = Vectors;
			sourceTree = "<group>";
		};
		36E2B44B188768D1004ACD1D /* Vector2 */ = {
			isa = PBXGroup;
			children = (
				36E2B44C188768D1004ACD1D /* GLMVector2.h */,
				36E2B44D188768D1004ACD1D /* GLMVector2.mm */,
			);
			path = Vector2;
			sourceTree = "<group>";
		};
		36E2B44E188768D1004ACD1D /* Vector3 */ = {
			isa = PBXGroup;
			children = (
				36E2B44F188768D1004ACD1D /* GLMVector3.h */,
				36E2B450188768D1004ACD1D /* GLMVector3.mm */,
			);
			path = Vector3;
			sourceTree = "<group>";
		};
		36E2B451188768D1004ACD1D /* Vector4 */ = {
			isa = PBXGroup;
			children = (
				36E2B452188768D1004ACD1D /* GLMVector4.h */,
				36E2B453188768D1004ACD1D /* GLMVector4.mm */,
			);
			path = Vector4;
			sourceTree = "<group>";
		};
		36E41B0518AEA6A4000AA534 /* Bitmap */ = {
			isa = PBXGroup;
			children = (
				36E41B0618AEA6A4000AA534 /* CGBitmap.h */,
				36E41B0718AEA6A4000AA534 /* CGBitmap.mm */,
			);
			path = Bitmap;
			sourceTree = "<group>";
		};
		F83C294F1B812FD60095C5E6 /* Scripts */ = {
			isa = PBXGroup;
			children = (
				F83C29501B81301A0095C5E6 /* bang.lua */,
			);
			name = Scripts;
			sourceTree = "<group>";
		};
		F83C29521B8134710095C5E6 /* LuaInterop */ = {
			isa = PBXGroup;
			children = (
				F83C29531B8134CA0095C5E6 /* universe.h */,
				F83C29541B81350B0095C5E6 /* universe.cpp */,
			);
			name = LuaInterop;
			sourceTree = "<group>";
		};
		F8FFE3FB1A7F07F2009999F7 /* lua */ = {
			isa = PBXGroup;
			children = (
				F83C29571B8136770095C5E6 /* lua.h */,
				F8FFE4071A7F0806009999F7 /* lapi.c */,
				F8FFE4081A7F0807009999F7 /* lapi.h */,
				F8FFE40A1A7F0807009999F7 /* lauxlib.c */,
				F8FFE40B1A7F0807009999F7 /* lauxlib.h */,
				F8FFE40D1A7F0807009999F7 /* lbaselib.c */,
				F8FFE40F1A7F0807009999F7 /* lbitlib.c */,
				F8FFE4111A7F0807009999F7 /* lcode.c */,
				F8FFE4121A7F0807009999F7 /* lcode.h */,
				F8FFE4141A7F0807009999F7 /* lcorolib.c */,
				F8FFE4161A7F0807009999F7 /* lctype.c */,
				F8FFE4171A7F0807009999F7 /* lctype.h */,
				F8FFE4191A7F0807009999F7 /* ldblib.c */,
				F8FFE41B1A7F0807009999F7 /* ldebug.c */,
				F8FFE41C1A7F0807009999F7 /* ldebug.h */,
				F8FFE41E1A7F0807009999F7 /* ldo.c */,
				F8FFE41F1A7F0807009999F7 /* ldo.h */,
				F8FFE4211A7F0807009999F7 /* ldump.c */,
				F8FFE4231A7F0807009999F7 /* lfunc.c */,
				F8FFE4241A7F0807009999F7 /* lfunc.h */,
				F8FFE4261A7F0807009999F7 /* lgc.c */,
				F8FFE4271A7F0807009999F7 /* lgc.h */,
				F8FFE42A1A7F0807009999F7 /* linit.c */,
				F8FFE42C1A7F0807009999F7 /* liolib.c */,
				F8FFE42E1A7F0807009999F7 /* llex.c */,
				F8FFE42F1A7F0807009999F7 /* llex.h */,
				F8FFE4311A7F0807009999F7 /* llimits.h */,
				F8FFE4321A7F0807009999F7 /* lmathlib.c */,
				F8FFE4341A7F0807009999F7 /* lmem.c */,
				F8FFE4351A7F0807009999F7 /* lmem.h */,
				F8FFE4371A7F0807009999F7 /* loadlib.c */,
				F8FFE4391A7F0807009999F7 /* lobject.c */,
				F8FFE43A1A7F0807009999F7 /* lobject.h */,
				F8FFE43C1A7F0807009999F7 /* lopcodes.c */,
				F8FFE43D1A7F0807009999F7 /* lopcodes.h */,
				F8FFE43F1A7F0807009999F7 /* loslib.c */,
				F8FFE4411A7F0807009999F7 /* lparser.c */,
				F8FFE4421A7F0807009999F7 /* lparser.h */,
				F8FFE4441A7F0807009999F7 /* lstate.c */,
				F8FFE4451A7F0807009999F7 /* lstate.h */,
				F8FFE4471A7F0807009999F7 /* lstring.c */,
				F8FFE4481A7F0807009999F7 /* lstring.h */,
				F8FFE44A1A7F0807009999F7 /* lstrlib.c */,
				F8FFE44C1A7F0807009999F7 /* ltable.c */,
				F8FFE44D1A7F0807009999F7 /* ltable.h */,
				F8FFE44F1A7F0807009999F7 /* ltablib.c */,
				F8FFE4511A7F0807009999F7 /* ltm.c */,
				F8FFE4521A7F0807009999F7 /* ltm.h */,
				F8FFE45C1A7F0807009999F7 /* luaconf.h */,
				F8FFE45D1A7F0807009999F7 /* lualib.h */,
				F8FFE45E1A7F0807009999F7 /* lundump.c */,
				F8FFE45F1A7F0807009999F7 /* lundump.h */,
				F8FFE4611A7F0807009999F7 /* lvm.c */,
				F8FFE4621A7F0807009999F7 /* lvm.h */,
				F8FFE4641A7F0807009999F7 /* lzio.c */,
				F8FFE4651A7F0807009999F7 /* lzio.h */,
			);
			name = lua;
			sourceTree = "<group>";
		};
/* End PBXGroup section */

/* Begin PBXNativeTarget section */
		F8AC9ACD18C2FBA0005DC7B3 /* The Thirteenth Floor */ = {
			isa = PBXNativeTarget;
			buildConfigurationList = F8AC9B0718C2FBA0005DC7B3 /* Build configuration list for PBXNativeTarget "The Thirteenth Floor" */;
			buildPhases = (
				F8AC9ACE18C2FBA0005DC7B3 /* Sources */,
				F8AC9AF318C2FBA0005DC7B3 /* Frameworks */,
				F8AC9AF718C2FBA0005DC7B3 /* Resources */,
			);
			buildRules = (
			);
			dependencies = (
			);
			name = "The Thirteenth Floor";
			productName = "The 13th Floor";
			productReference = F8AC9B0A18C2FBA0005DC7B3 /* TheThirteenthFloor.app */;
			productType = "com.apple.product-type.application";
		};
/* End PBXNativeTarget section */

/* Begin PBXProject section */
		2E48DA481395F1750035FEC4 /* Project object */ = {
			isa = PBXProject;
			attributes = {
				LastUpgradeCheck = 0500;
			};
			buildConfigurationList = 2E48DA4B1395F1750035FEC4 /* Build configuration list for PBXProject "The_Thirteenth_Floor" */;
			compatibilityVersion = "Xcode 3.2";
			developmentRegion = English;
			hasScannedForEncodings = 0;
			knownRegions = (
				en,
				Base,
			);
			mainGroup = 2E48DA461395F1750035FEC4;
			productRefGroup = 2E48DA521395F1750035FEC4 /* Products */;
			projectDirPath = "";
			projectRoot = "";
			targets = (
				F8AC9ACD18C2FBA0005DC7B3 /* The Thirteenth Floor */,
			);
		};
/* End PBXProject section */

/* Begin PBXResourcesBuildPhase section */
		F8AC9AF718C2FBA0005DC7B3 /* Resources */ = {
			isa = PBXResourcesBuildPhase;
			buildActionMask = 2147483647;
			files = (
				F8AC9AF918C2FBA0005DC7B3 /* nbody_gpu.ocl in Resources */,
				F8AC9AFA18C2FBA0005DC7B3 /* nbody.fsh in Resources */,
				F8AC9AFB18C2FBA0005DC7B3 /* nbody.gsh in Resources */,
				F8AC9AFC18C2FBA0005DC7B3 /* nbody.vsh in Resources */,
				F8AC9AFD18C2FBA0005DC7B3 /* star.fsh in Resources */,
				F8AC9AFE18C2FBA0005DC7B3 /* star.vsh in Resources */,
				F8AC9B1018C321A1005DC7B3 /* matrix_gpu.ocl in Resources */,
				F8AC9B0418C2FBA0005DC7B3 /* GalaxyIcon.icns in Resources */,
				F8AC9B0518C2FBA0005DC7B3 /* star.png in Resources */,
				F8AC9B0618C2FBA0005DC7B3 /* MainMenu.xib in Resources */,
				F83C29511B81301A0095C5E6 /* bang.lua in Resources */,
			);
			runOnlyForDeploymentPostprocessing = 0;
		};
/* End PBXResourcesBuildPhase section */

/* Begin PBXSourcesBuildPhase section */
		F8AC9ACE18C2FBA0005DC7B3 /* Sources */ = {
			isa = PBXSourcesBuildPhase;
			buildActionMask = 2147483647;
			files = (
				F8FFE4871A7F0807009999F7 /* llex.c in Sources */,
				F8FFE47E1A7F0807009999F7 /* lfunc.c in Sources */,
				F8AC9ACF18C2FBA0005DC7B3 /* CGBitmap.mm in Sources */,
				F8FFE4991A7F0807009999F7 /* lstring.c in Sources */,
				F8AC9AD018C2FBA0005DC7B3 /* CFIFStream.mm in Sources */,
				F8AC9AD118C2FBA0005DC7B3 /* CTFrame.mm in Sources */,
				F8AC9AD218C2FBA0005DC7B3 /* CFQueryHardware.mm in Sources */,
				F8FFE4AB1A7F0807009999F7 /* lvm.c in Sources */,
				F8AC9AD318C2FBA0005DC7B3 /* CFText.mm in Sources */,
				F8FFE4A11A7F0807009999F7 /* ltm.c in Sources */,
				F8FFE49D1A7F0807009999F7 /* ltable.c in Sources */,
				F8AC9AD718C2FBA0005DC7B3 /* NBodyEngine.mm in Sources */,
				F8AC9AD918C2FBA0005DC7B3 /* NBodySimulationBase.mm in Sources */,
				F8FFE49B1A7F0807009999F7 /* lstrlib.c in Sources */,
				F8FFE4A91A7F0807009999F7 /* lundump.c in Sources */,
				F8FFE4971A7F0807009999F7 /* lstate.c in Sources */,
				F8FFE4911A7F0807009999F7 /* lopcodes.c in Sources */,
				F8AC9ADD18C2FBA0005DC7B3 /* NBodySimulationRandom.mm in Sources */,
				F8FFE4781A7F0807009999F7 /* ldebug.c in Sources */,
				F8AC9ADF18C2FBA0005DC7B3 /* NBodySimulationGPU.mm in Sources */,
				F8FFE4891A7F0807009999F7 /* lmathlib.c in Sources */,
				F8FFE47C1A7F0807009999F7 /* ldump.c in Sources */,
				F8FFE4761A7F0807009999F7 /* ldblib.c in Sources */,
				F8AC9AE118C2FBA0005DC7B3 /* NBodySimulationMediator.mm in Sources */,
				F8AC9AE218C2FBA0005DC7B3 /* NBodySimulationVisualizer.mm in Sources */,
				F8AC9AE318C2FBA0005DC7B3 /* GLMConstants.mm in Sources */,
				F8FFE48D1A7F0807009999F7 /* loadlib.c in Sources */,
				F8FFE4721A7F0807009999F7 /* lcorolib.c in Sources */,
				F8FFE48F1A7F0807009999F7 /* lobject.c in Sources */,
				F8FFE48B1A7F0807009999F7 /* lmem.c in Sources */,
				F8AC9AE418C2FBA0005DC7B3 /* GLMMatrix4.mm in Sources */,
				F8FFE4801A7F0807009999F7 /* lgc.c in Sources */,
				F8AC9AE518C2FBA0005DC7B3 /* GLMTransforms.mm in Sources */,
				F8FFE46A1A7F0807009999F7 /* lauxlib.c in Sources */,
				F8FFE4AD1A7F0807009999F7 /* lzio.c in Sources */,
				F8AC9AE618C2FBA0005DC7B3 /* GLMSizes.mm in Sources */,
				F8AC9AE718C2FBA0005DC7B3 /* GLMVector2.mm in Sources */,
				F8FFE4681A7F0807009999F7 /* lapi.c in Sources */,
				F8AC9AE818C2FBA0005DC7B3 /* GLMVector3.mm in Sources */,
				F8FFE46E1A7F0807009999F7 /* lbitlib.c in Sources */,
				F8AC9AE918C2FBA0005DC7B3 /* GLMVector4.mm in Sources */,
				F8FFE47A1A7F0807009999F7 /* ldo.c in Sources */,
				F8FFE4951A7F0807009999F7 /* lparser.c in Sources */,
				F8FFE4701A7F0807009999F7 /* lcode.c in Sources */,
				F83C29551B81350B0095C5E6 /* universe.cpp in Sources */,
				F8AC9AEA18C2FBA0005DC7B3 /* GLUProgram.mm in Sources */,
				F8FFE4851A7F0807009999F7 /* liolib.c in Sources */,
				F8AC9AEB18C2FBA0005DC7B3 /* GLUQuad.mm in Sources */,
				F8FFE49F1A7F0807009999F7 /* ltablib.c in Sources */,
				F8AC9AEC18C2FBA0005DC7B3 /* GLUQuery.mm in Sources */,
				F8AC9AED18C2FBA0005DC7B3 /* GLUText.mm in Sources */,
				F8AC9AEE18C2FBA0005DC7B3 /* GLUTexture.mm in Sources */,
				F8FFE4741A7F0807009999F7 /* lctype.c in Sources */,
				F8AC9AEF18C2FBA0005DC7B3 /* GLUGaussian.mm in Sources */,
				F8FFE4931A7F0807009999F7 /* loslib.c in Sources */,
				F8FFE46C1A7F0807009999F7 /* lbaselib.c in Sources */,
				F8AC9AF018C2FBA0005DC7B3 /* GLUTransforms.mm in Sources */,
				F8AC9AF118C2FBA0005DC7B3 /* main.m in Sources */,
				F8FFE4831A7F0807009999F7 /* linit.c in Sources */,
				F8AC9AF218C2FBA0005DC7B3 /* OpenGLView.mm in Sources */,
			);
			runOnlyForDeploymentPostprocessing = 0;
		};
/* End PBXSourcesBuildPhase section */

/* Begin PBXVariantGroup section */
		36BE3F4113D6067E00D9C225 /* MainMenu.xib */ = {
			isa = PBXVariantGroup;
			children = (
				36BE3F4213D6067E00D9C225 /* en */,
			);
			name = MainMenu.xib;
			sourceTree = "<group>";
		};
/* End PBXVariantGroup section */

/* Begin XCBuildConfiguration section */
		2E48DA6D1395F1760035FEC4 /* Debug */ = {
			isa = XCBuildConfiguration;
			buildSettings = {
				ALWAYS_SEARCH_USER_PATHS = NO;
				CLANG_CXX_LANGUAGE_STANDARD = "c++0x";
				CLANG_CXX_LIBRARY = "libc++";
				CLANG_WARN_BOOL_CONVERSION = YES;
				CLANG_WARN_CONSTANT_CONVERSION = YES;
				CLANG_WARN_ENUM_CONVERSION = YES;
				CLANG_WARN_INT_CONVERSION = YES;
				CLANG_WARN__DUPLICATE_METHOD_MATCH = YES;
				COMBINE_HIDPI_IMAGES = YES;
				COPY_PHASE_STRIP = NO;
				CREATE_INFOPLIST_SECTION_IN_BINARY = NO;
				DEBUG_INFORMATION_FORMAT = dwarf;
				GCC_C_LANGUAGE_STANDARD = c11;
				GCC_OPTIMIZATION_LEVEL = 0;
				GCC_PREPROCESSOR_DEFINITIONS = (
					"DEBUG=1",
					"$(inherited)",
				);
				GCC_SYMBOLS_PRIVATE_EXTERN = NO;
				GCC_WARN_64_TO_32_BIT_CONVERSION = YES;
				GCC_WARN_ABOUT_MISSING_PROTOTYPES = NO;
				GCC_WARN_ABOUT_RETURN_TYPE = YES;
				GCC_WARN_UNDECLARED_SELECTOR = YES;
				GCC_WARN_UNINITIALIZED_AUTOS = YES;
				GCC_WARN_UNUSED_FUNCTION = YES;
				GCC_WARN_UNUSED_LABEL = YES;
				GCC_WARN_UNUSED_VARIABLE = YES;
				ONLY_ACTIVE_ARCH = YES;
				RUN_CLANG_STATIC_ANALYZER = YES;
				SDKROOT = macosx;
				STRIP_INSTALLED_PRODUCT = NO;
				VALIDATE_PRODUCT = YES;
				VALID_ARCHS = x86_64;
			};
			name = Debug;
		};
		2E48DA6E1395F1760035FEC4 /* Release */ = {
			isa = XCBuildConfiguration;
			buildSettings = {
				ALWAYS_SEARCH_USER_PATHS = NO;
				CLANG_CXX_LANGUAGE_STANDARD = "c++0x";
				CLANG_CXX_LIBRARY = "libc++";
				CLANG_WARN_BOOL_CONVERSION = YES;
				CLANG_WARN_CONSTANT_CONVERSION = YES;
				CLANG_WARN_ENUM_CONVERSION = YES;
				CLANG_WARN_INT_CONVERSION = YES;
				CLANG_WARN__DUPLICATE_METHOD_MATCH = YES;
				COMBINE_HIDPI_IMAGES = YES;
				COPY_PHASE_STRIP = YES;
				CREATE_INFOPLIST_SECTION_IN_BINARY = NO;
				DEAD_CODE_STRIPPING = YES;
				DEBUG_INFORMATION_FORMAT = dwarf;
				GCC_C_LANGUAGE_STANDARD = c11;
				GCC_GENERATE_DEBUGGING_SYMBOLS = NO;
				GCC_UNROLL_LOOPS = YES;
				GCC_WARN_64_TO_32_BIT_CONVERSION = YES;
				GCC_WARN_ABOUT_MISSING_PROTOTYPES = NO;
				GCC_WARN_ABOUT_RETURN_TYPE = YES;
				GCC_WARN_UNDECLARED_SELECTOR = YES;
				GCC_WARN_UNINITIALIZED_AUTOS = YES;
				GCC_WARN_UNUSED_FUNCTION = YES;
				GCC_WARN_UNUSED_LABEL = YES;
				GCC_WARN_UNUSED_VARIABLE = YES;
				LLVM_LTO = YES;
				LLVM_VECTORIZE_LOOPS = YES;
				ONLY_ACTIVE_ARCH = YES;
				RUN_CLANG_STATIC_ANALYZER = YES;
				SDKROOT = macosx;
				VALIDATE_PRODUCT = YES;
				VALID_ARCHS = x86_64;
			};
			name = Release;
		};
		F8AC9B0818C2FBA0005DC7B3 /* Debug */ = {
			isa = XCBuildConfiguration;
			buildSettings = {
				ARCHS = "$(ARCHS_STANDARD)";
				CLANG_CXX_LANGUAGE_STANDARD = "c++0x";
				CLANG_ENABLE_OBJC_ARC = NO;
				CLANG_WARN_DIRECT_OBJC_ISA_USAGE = YES_ERROR;
				CLANG_WARN_EMPTY_BODY = YES;
				CLANG_WARN_OBJC_ROOT_CLASS = YES;
				COMBINE_HIDPI_IMAGES = YES;
				GCC_C_LANGUAGE_STANDARD = c11;
				GCC_DYNAMIC_NO_PIC = NO;
				GCC_ENABLE_OBJC_EXCEPTIONS = YES;
				GCC_PRECOMPILE_PREFIX_HEADER = NO;
				GCC_PREFIX_HEADER = "";
				GCC_PREPROCESSOR_DEFINITIONS = (
					"DEBUG=1",
					"$(inherited)",
				);
				GCC_WARN_ABOUT_RETURN_TYPE = YES_ERROR;
				INFOPLIST_FILE = "$(SRCROOT)/Sources/Other/The_Thirteenth_Floor.plist";
				LIBRARY_SEARCH_PATHS = (
					"$(inherited)",
					"/Users/jmlarsen/Documents/Development/The\\ Thirteenth\\ Floor/Sources/lua",
				);
				MACOSX_DEPLOYMENT_TARGET = 10.9;
				PRECOMPS_INCLUDE_HEADERS_FROM_BUILT_PRODUCTS_DIR = YES;
				PRODUCT_NAME = TheThirteenthFloor;
				SDKROOT = macosx;
				WRAPPER_EXTENSION = app;
			};
			name = Debug;
		};
		F8AC9B0918C2FBA0005DC7B3 /* Release */ = {
			isa = XCBuildConfiguration;
			buildSettings = {
				ARCHS = "$(ARCHS_STANDARD)";
				CLANG_CXX_LANGUAGE_STANDARD = "c++0x";
				CLANG_ENABLE_OBJC_ARC = NO;
				CLANG_WARN_DIRECT_OBJC_ISA_USAGE = YES_ERROR;
				CLANG_WARN_EMPTY_BODY = YES;
				CLANG_WARN_OBJC_ROOT_CLASS = YES;
				COMBINE_HIDPI_IMAGES = YES;
				DEBUG_INFORMATION_FORMAT = "dwarf-with-dsym";
				ENABLE_NS_ASSERTIONS = NO;
				GCC_C_LANGUAGE_STANDARD = c11;
				GCC_ENABLE_OBJC_EXCEPTIONS = YES;
				GCC_PRECOMPILE_PREFIX_HEADER = NO;
				GCC_PREFIX_HEADER = "";
				GCC_WARN_ABOUT_RETURN_TYPE = YES_ERROR;
				INFOPLIST_FILE = "$(SRCROOT)/Sources/Other/The_Thirteenth_Floor.plist";
				LIBRARY_SEARCH_PATHS = (
					"$(inherited)",
					"/Users/jmlarsen/Documents/Development/The\\ Thirteenth\\ Floor/Sources/lua",
				);
				MACOSX_DEPLOYMENT_TARGET = 10.9;
				PRECOMPS_INCLUDE_HEADERS_FROM_BUILT_PRODUCTS_DIR = YES;
				PRODUCT_NAME = TheThirteenthFloor;
				SDKROOT = macosx;
				WRAPPER_EXTENSION = app;
			};
			name = Release;
		};
/* End XCBuildConfiguration section */

/* Begin XCConfigurationList section */
		2E48DA4B1395F1750035FEC4 /* Build configuration list for PBXProject "The_Thirteenth_Floor" */ = {
			isa = XCConfigurationList;
			buildConfigurations = (
				2E48DA6D1395F1760035FEC4 /* Debug */,
				2E48DA6E1395F1760035FEC4 /* Release */,
			);
			defaultConfigurationIsVisible = 0;
			defaultConfigurationName = Release;
		};
		F8AC9B0718C2FBA0005DC7B3 /* Build configuration list for PBXNativeTarget "The Thirteenth Floor" */ = {
			isa = XCConfigurationList;
			buildConfigurations = (
				F8AC9B0818C2FBA0005DC7B3 /* Debug */,
				F8AC9B0918C2FBA0005DC7B3 /* Release */,
			);
			defaultConfigurationIsVisible = 0;
			defaultConfigurationName = Release;
		};
/* End XCConfigurationList section */
	};
	rootObject = 2E48DA481395F1750035FEC4 /* Project object */;
}
